// !$*UTF8*$!
{
	archiveVersion = 1;
	classes = {
	};
	objectVersion = 46;
	objects = {

/* Begin PBXBuildFile section */
		594FADC61C59DA2900C30DD5 /* main.m in Sources */ = {isa = PBXBuildFile; fileRef = 594FADC51C59DA2900C30DD5 /* main.m */; };
		594FADC91C59DA2900C30DD5 /* AppDelegate.m in Sources */ = {isa = PBXBuildFile; fileRef = 594FADC81C59DA2900C30DD5 /* AppDelegate.m */; };
		594FADCF1C59DA2900C30DD5 /* Main.storyboard in Resources */ = {isa = PBXBuildFile; fileRef = 594FADCD1C59DA2900C30DD5 /* Main.storyboard */; };
		594FADD21C59DA2900C30DD5 /* Assembly_Instructions.xcdatamodeld in Sources */ = {isa = PBXBuildFile; fileRef = 594FADD01C59DA2900C30DD5 /* Assembly_Instructions.xcdatamodeld */; };
		594FADD41C59DA2900C30DD5 /* Assets.xcassets in Resources */ = {isa = PBXBuildFile; fileRef = 594FADD31C59DA2900C30DD5 /* Assets.xcassets */; };
		594FADD71C59DA2900C30DD5 /* LaunchScreen.storyboard in Resources */ = {isa = PBXBuildFile; fileRef = 594FADD51C59DA2900C30DD5 /* LaunchScreen.storyboard */; };
		594FADE61C59DAF000C30DD5 /* ASMInstruction+CoreDataProperties.m in Sources */ = {isa = PBXBuildFile; fileRef = 594FADE31C59DAF000C30DD5 /* ASMInstruction+CoreDataProperties.m */; };
		594FADE71C59DAF000C30DD5 /* ASMInstruction.m in Sources */ = {isa = PBXBuildFile; fileRef = 594FADE51C59DAF000C30DD5 /* ASMInstruction.m */; };
		594FADEA1C59DBCD00C30DD5 /* defaultInstructions.json in Resources */ = {isa = PBXBuildFile; fileRef = 594FADE91C59DBCD00C30DD5 /* defaultInstructions.json */; };
		594FADED1C59DD9100C30DD5 /* ListTableViewController.m in Sources */ = {isa = PBXBuildFile; fileRef = 594FADEC1C59DD9100C30DD5 /* ListTableViewController.m */; };
		594FADF01C59DD9B00C30DD5 /* DetailTableViewController.m in Sources */ = {isa = PBXBuildFile; fileRef = 594FADEF1C59DD9B00C30DD5 /* DetailTableViewController.m */; };
/* End PBXBuildFile section */

/* Begin PBXFileReference section */
		594FADC11C59DA2900C30DD5 /* Assembly Instructions.app */ = {isa = PBXFileReference; explicitFileType = wrapper.application; includeInIndex = 0; path = "Assembly Instructions.app"; sourceTree = BUILT_PRODUCTS_DIR; };
		594FADC51C59DA2900C30DD5 /* main.m */ = {isa = PBXFileReference; lastKnownFileType = sourcecode.c.objc; path = main.m; sourceTree = "<group>"; };
		594FADC71C59DA2900C30DD5 /* AppDelegate.h */ = {isa = PBXFileReference; lastKnownFileType = sourcecode.c.h; path = AppDelegate.h; sourceTree = "<group>"; };
		594FADC81C59DA2900C30DD5 /* AppDelegate.m */ = {isa = PBXFileReference; lastKnownFileType = sourcecode.c.objc; path = AppDelegate.m; sourceTree = "<group>"; };
		594FADCE1C59DA2900C30DD5 /* Base */ = {isa = PBXFileReference; lastKnownFileType = file.storyboard; name = Base; path = Base.lproj/Main.storyboard; sourceTree = "<group>"; };
		594FADD11C59DA2900C30DD5 /* Assembly_Instructions.xcdatamodel */ = {isa = PBXFileReference; lastKnownFileType = wrapper.xcdatamodel; path = Assembly_Instructions.xcdatamodel; sourceTree = "<group>"; };
		594FADD31C59DA2900C30DD5 /* Assets.xcassets */ = {isa = PBXFileReference; lastKnownFileType = folder.assetcatalog; path = Assets.xcassets; sourceTree = "<group>"; };
		594FADD61C59DA2900C30DD5 /* Base */ = {isa = PBXFileReference; lastKnownFileType = file.storyboard; name = Base; path = Base.lproj/LaunchScreen.storyboard; sourceTree = "<group>"; };
		594FADD81C59DA2900C30DD5 /* Info.plist */ = {isa = PBXFileReference; lastKnownFileType = text.plist.xml; path = Info.plist; sourceTree = "<group>"; };
		594FADE21C59DAF000C30DD5 /* ASMInstruction+CoreDataProperties.h */ = {isa = PBXFileReference; fileEncoding = 4; lastKnownFileType = sourcecode.c.h; name = "ASMInstruction+CoreDataProperties.h"; path = "Model/ASMInstruction+CoreDataProperties.h"; sourceTree = "<group>"; };
		594FADE31C59DAF000C30DD5 /* ASMInstruction+CoreDataProperties.m */ = {isa = PBXFileReference; fileEncoding = 4; lastKnownFileType = sourcecode.c.objc; name = "ASMInstruction+CoreDataProperties.m"; path = "Model/ASMInstruction+CoreDataProperties.m"; sourceTree = "<group>"; };
		594FADE41C59DAF000C30DD5 /* ASMInstruction.h */ = {isa = PBXFileReference; fileEncoding = 4; lastKnownFileType = sourcecode.c.h; name = ASMInstruction.h; path = Model/ASMInstruction.h; sourceTree = "<group>"; };
		594FADE51C59DAF000C30DD5 /* ASMInstruction.m */ = {isa = PBXFileReference; fileEncoding = 4; lastKnownFileType = sourcecode.c.objc; name = ASMInstruction.m; path = Model/ASMInstruction.m; sourceTree = "<group>"; };
		594FADE91C59DBCD00C30DD5 /* defaultInstructions.json */ = {isa = PBXFileReference; fileEncoding = 4; lastKnownFileType = text.json; path = defaultInstructions.json; sourceTree = "<group>"; };
		594FADEB1C59DD9100C30DD5 /* ListTableViewController.h */ = {isa = PBXFileReference; fileEncoding = 4; lastKnownFileType = sourcecode.c.h; name = ListTableViewController.h; path = Controllers/ListTableViewController.h; sourceTree = "<group>"; };
		594FADEC1C59DD9100C30DD5 /* ListTableViewController.m */ = {isa = PBXFileReference; fileEncoding = 4; lastKnownFileType = sourcecode.c.objc; name = ListTableViewController.m; path = Controllers/ListTableViewController.m; sourceTree = "<group>"; };
		594FADEE1C59DD9B00C30DD5 /* DetailTableViewController.h */ = {isa = PBXFileReference; fileEncoding = 4; lastKnownFileType = sourcecode.c.h; name = DetailTableViewController.h; path = Controllers/DetailTableViewController.h; sourceTree = "<group>"; };
		594FADEF1C59DD9B00C30DD5 /* DetailTableViewController.m */ = {isa = PBXFileReference; fileEncoding = 4; lastKnownFileType = sourcecode.c.objc; name = DetailTableViewController.m; path = Controllers/DetailTableViewController.m; sourceTree = "<group>"; };
/* End PBXFileReference section */

/* Begin PBXFrameworksBuildPhase section */
		594FADBE1C59DA2900C30DD5 /* Frameworks */ = {
			isa = PBXFrameworksBuildPhase;
			buildActionMask = 2147483647;
			files = (
			);
			runOnlyForDeploymentPostprocessing = 0;
		};
/* End PBXFrameworksBuildPhase section */

/* Begin PBXGroup section */
		594FADB81C59DA2900C30DD5 = {
			isa = PBXGroup;
			children = (
				594FADC31C59DA2900C30DD5 /* Assembly Instructions */,
				594FADC21C59DA2900C30DD5 /* Products */,
			);
			sourceTree = "<group>";
		};
		594FADC21C59DA2900C30DD5 /* Products */ = {
			isa = PBXGroup;
			children = (
				594FADC11C59DA2900C30DD5 /* Assembly Instructions.app */,
			);
			name = Products;
			sourceTree = "<group>";
		};
		594FADC31C59DA2900C30DD5 /* Assembly Instructions */ = {
			isa = PBXGroup;
			children = (
				594FADD31C59DA2900C30DD5 /* Assets.xcassets */,
				594FADDE1C59DA3100C30DD5 /* App Delegate */,
				594FADE11C59DA6D00C30DD5 /* Model */,
				594FADE01C59DA4900C30DD5 /* Views */,
				594FADDF1C59DA3700C30DD5 /* Controllers */,
				594FADC41C59DA2900C30DD5 /* Supporting Files */,
			);
			path = "Assembly Instructions";
			sourceTree = "<group>";
		};
		594FADC41C59DA2900C30DD5 /* Supporting Files */ = {
			isa = PBXGroup;
			children = (
				594FADE91C59DBCD00C30DD5 /* defaultInstructions.json */,
				594FADD81C59DA2900C30DD5 /* Info.plist */,
				594FADC51C59DA2900C30DD5 /* main.m */,
			);
			name = "Supporting Files";
			sourceTree = "<group>";
		};
		594FADDE1C59DA3100C30DD5 /* App Delegate */ = {
			isa = PBXGroup;
			children = (
				594FADC71C59DA2900C30DD5 /* AppDelegate.h */,
				594FADC81C59DA2900C30DD5 /* AppDelegate.m */,
			);
			name = "App Delegate";
			sourceTree = "<group>";
		};
		594FADDF1C59DA3700C30DD5 /* Controllers */ = {
			isa = PBXGroup;
			children = (
				594FADEB1C59DD9100C30DD5 /* ListTableViewController.h */,
				594FADEC1C59DD9100C30DD5 /* ListTableViewController.m */,
				594FADEE1C59DD9B00C30DD5 /* DetailTableViewController.h */,
				594FADEF1C59DD9B00C30DD5 /* DetailTableViewController.m */,
			);
			name = Controllers;
			sourceTree = "<group>";
		};
		594FADE01C59DA4900C30DD5 /* Views */ = {
			isa = PBXGroup;
			children = (
				594FADCD1C59DA2900C30DD5 /* Main.storyboard */,
				594FADD51C59DA2900C30DD5 /* LaunchScreen.storyboard */,
			);
			name = Views;
			sourceTree = "<group>";
		};
		594FADE11C59DA6D00C30DD5 /* Model */ = {
			isa = PBXGroup;
			children = (
				594FADE81C59DAF700C30DD5 /* ASMInstruction */,
				594FADD01C59DA2900C30DD5 /* Assembly_Instructions.xcdatamodeld */,
			);
			name = Model;
			sourceTree = "<group>";
		};
		594FADE81C59DAF700C30DD5 /* ASMInstruction */ = {
			isa = PBXGroup;
			children = (
				594FADE21C59DAF000C30DD5 /* ASMInstruction+CoreDataProperties.h */,
				594FADE31C59DAF000C30DD5 /* ASMInstruction+CoreDataProperties.m */,
				594FADE41C59DAF000C30DD5 /* ASMInstruction.h */,
				594FADE51C59DAF000C30DD5 /* ASMInstruction.m */,
			);
			name = ASMInstruction;
			sourceTree = "<group>";
		};
/* End PBXGroup section */

/* Begin PBXNativeTarget section */
		594FADC01C59DA2900C30DD5 /* Assembly Instructions */ = {
			isa = PBXNativeTarget;
			buildConfigurationList = 594FADDB1C59DA2900C30DD5 /* Build configuration list for PBXNativeTarget "Assembly Instructions" */;
			buildPhases = (
				594FADBD1C59DA2900C30DD5 /* Sources */,
				594FADBE1C59DA2900C30DD5 /* Frameworks */,
				594FADBF1C59DA2900C30DD5 /* Resources */,
			);
			buildRules = (
			);
			dependencies = (
			);
			name = "Assembly Instructions";
			productName = "Assembly Instructions";
			productReference = 594FADC11C59DA2900C30DD5 /* Assembly Instructions.app */;
			productType = "com.apple.product-type.application";
		};
/* End PBXNativeTarget section */

/* Begin PBXProject section */
		594FADB91C59DA2900C30DD5 /* Project object */ = {
			isa = PBXProject;
			attributes = {
				LastUpgradeCheck = 0720;
				ORGANIZATIONNAME = avikantz;
				TargetAttributes = {
					594FADC01C59DA2900C30DD5 = {
						CreatedOnToolsVersion = 7.2;
					};
				};
			};
			buildConfigurationList = 594FADBC1C59DA2900C30DD5 /* Build configuration list for PBXProject "Assembly Instructions" */;
			compatibilityVersion = "Xcode 3.2";
			developmentRegion = English;
			hasScannedForEncodings = 0;
			knownRegions = (
				en,
				Base,
			);
			mainGroup = 594FADB81C59DA2900C30DD5;
			productRefGroup = 594FADC21C59DA2900C30DD5 /* Products */;
			projectDirPath = "";
			projectRoot = "";
			targets = (
				594FADC01C59DA2900C30DD5 /* Assembly Instructions */,
			);
		};
/* End PBXProject section */

/* Begin PBXResourcesBuildPhase section */
		594FADBF1C59DA2900C30DD5 /* Resources */ = {
			isa = PBXResourcesBuildPhase;
			buildActionMask = 2147483647;
			files = (
				594FADD71C59DA2900C30DD5 /* LaunchScreen.storyboard in Resources */,
				594FADD41C59DA2900C30DD5 /* Assets.xcassets in Resources */,
				594FADEA1C59DBCD00C30DD5 /* defaultInstructions.json in Resources */,
				594FADCF1C59DA2900C30DD5 /* Main.storyboard in Resources */,
			);
			runOnlyForDeploymentPostprocessing = 0;
		};
/* End PBXResourcesBuildPhase section */

/* Begin PBXSourcesBuildPhase section */
		594FADBD1C59DA2900C30DD5 /* Sources */ = {
			isa = PBXSourcesBuildPhase;
			buildActionMask = 2147483647;
			files = (
				594FADE61C59DAF000C30DD5 /* ASMInstruction+CoreDataProperties.m in Sources */,
				594FADC91C59DA2900C30DD5 /* AppDelegate.m in Sources */,
				594FADF01C59DD9B00C30DD5 /* DetailTableViewController.m in Sources */,
				594FADD21C59DA2900C30DD5 /* Assembly_Instructions.xcdatamodeld in Sources */,
				594FADE71C59DAF000C30DD5 /* ASMInstruction.m in Sources */,
				594FADC61C59DA2900C30DD5 /* main.m in Sources */,
				594FADED1C59DD9100C30DD5 /* ListTableViewController.m in Sources */,
			);
			runOnlyForDeploymentPostprocessing = 0;
		};
/* End PBXSourcesBuildPhase section */

/* Begin PBXVariantGroup section */
		594FADCD1C59DA2900C30DD5 /* Main.storyboard */ = {
			isa = PBXVariantGroup;
			children = (
				594FADCE1C59DA2900C30DD5 /* Base */,
			);
			name = Main.storyboard;
			sourceTree = "<group>";
		};
		594FADD51C59DA2900C30DD5 /* LaunchScreen.storyboard */ = {
			isa = PBXVariantGroup;
			children = (
				594FADD61C59DA2900C30DD5 /* Base */,
			);
			name = LaunchScreen.storyboard;
			sourceTree = "<group>";
		};
/* End PBXVariantGroup section */

/* Begin XCBuildConfiguration section */
		594FADD91C59DA2900C30DD5 /* Debug */ = {
			isa = XCBuildConfiguration;
			buildSettings = {
				ALWAYS_SEARCH_USER_PATHS = NO;
				CLANG_CXX_LANGUAGE_STANDARD = "gnu++0x";
				CLANG_CXX_LIBRARY = "libc++";
				CLANG_ENABLE_MODULES = YES;
				CLANG_ENABLE_OBJC_ARC = YES;
				CLANG_WARN_BOOL_CONVERSION = YES;
				CLANG_WARN_CONSTANT_CONVERSION = YES;
				CLANG_WARN_DIRECT_OBJC_ISA_USAGE = YES_ERROR;
				CLANG_WARN_EMPTY_BODY = YES;
				CLANG_WARN_ENUM_CONVERSION = YES;
				CLANG_WARN_INT_CONVERSION = YES;
				CLANG_WARN_OBJC_ROOT_CLASS = YES_ERROR;
				CLANG_WARN_UNREACHABLE_CODE = YES;
				CLANG_WARN__DUPLICATE_METHOD_MATCH = YES;
				"CODE_SIGN_IDENTITY[sdk=iphoneos*]" = "iPhone Developer";
				COPY_PHASE_STRIP = NO;
				DEBUG_INFORMATION_FORMAT = dwarf;
				ENABLE_STRICT_OBJC_MSGSEND = YES;
				ENABLE_TESTABILITY = YES;
				GCC_C_LANGUAGE_STANDARD = gnu99;
				GCC_DYNAMIC_NO_PIC = NO;
				GCC_NO_COMMON_BLOCKS = YES;
				GCC_OPTIMIZATION_LEVEL = 0;
				GCC_PREPROCESSOR_DEFINITIONS = (
					"DEBUG=1",
					"$(inherited)",
				);
				GCC_WARN_64_TO_32_BIT_CONVERSION = YES;
				GCC_WARN_ABOUT_RETURN_TYPE = YES_ERROR;
				GCC_WARN_UNDECLARED_SELECTOR = YES;
				GCC_WARN_UNINITIALIZED_AUTOS = YES_AGGRESSIVE;
				GCC_WARN_UNUSED_FUNCTION = YES;
				GCC_WARN_UNUSED_VARIABLE = YES;
				IPHONEOS_DEPLOYMENT_TARGET = 9.2;
				MTL_ENABLE_DEBUG_INFO = YES;
				ONLY_ACTIVE_ARCH = YES;
				SDKROOT = iphoneos;
				TARGETED_DEVICE_FAMILY = "1,2";
			};
			name = Debug;
		};
		594FADDA1C59DA2900C30DD5 /* Release */ = {
			isa = XCBuildConfiguration;
			buildSettings = {
				ALWAYS_SEARCH_USER_PATHS = NO;
				CLANG_CXX_LANGUAGE_STANDARD = "gnu++0x";
				CLANG_CXX_LIBRARY = "libc++";
				CLANG_ENABLE_MODULES = YES;
				CLANG_ENABLE_OBJC_ARC = YES;
				CLANG_WARN_BOOL_CONVERSION = YES;
				CLANG_WARN_CONSTANT_CONVERSION = YES;
				CLANG_WARN_DIRECT_OBJC_ISA_USAGE = YES_ERROR;
				CLANG_WARN_EMPTY_BODY = YES;
				CLANG_WARN_ENUM_CONVERSION = YES;
				CLANG_WARN_INT_CONVERSION = YES;
				CLANG_WARN_OBJC_ROOT_CLASS = YES_ERROR;
				CLANG_WARN_UNREACHABLE_CODE = YES;
				CLANG_WARN__DUPLICATE_METHOD_MATCH = YES;
				"CODE_SIGN_IDENTITY[sdk=iphoneos*]" = "iPhone Developer";
				COPY_PHASE_STRIP = NO;
				DEBUG_INFORMATION_FORMAT = "dwarf-with-dsym";
				ENABLE_NS_ASSERTIONS = NO;
				ENABLE_STRICT_OBJC_MSGSEND = YES;
				GCC_C_LANGUAGE_STANDARD = gnu99;
				GCC_NO_COMMON_BLOCKS = YES;
				GCC_WARN_64_TO_32_BIT_CONVERSION = YES;
				GCC_WARN_ABOUT_RETURN_TYPE = YES_ERROR;
				GCC_WARN_UNDECLARED_SELECTOR = YES;
				GCC_WARN_UNINITIALIZED_AUTOS = YES_AGGRESSIVE;
				GCC_WARN_UNUSED_FUNCTION = YES;
				GCC_WARN_UNUSED_VARIABLE = YES;
				IPHONEOS_DEPLOYMENT_TARGET = 9.2;
				MTL_ENABLE_DEBUG_INFO = NO;
				SDKROOT = iphoneos;
				TARGETED_DEVICE_FAMILY = "1,2";
				VALIDATE_PRODUCT = YES;
			};
			name = Release;
		};
		594FADDC1C59DA2900C30DD5 /* Debug */ = {
			isa = XCBuildConfiguration;
			buildSettings = {
				ASSETCATALOG_COMPILER_APPICON_NAME = AppIcon;
				INFOPLIST_FILE = "Assembly Instructions/Info.plist";
				LD_RUNPATH_SEARCH_PATHS = "$(inherited) @executable_path/Frameworks";
				PRODUCT_BUNDLE_IDENTIFIER = "com.avikantz.Assembly-Instructions";
				PRODUCT_NAME = "$(TARGET_NAME)";
			};
			name = Debug;
		};
		594FADDD1C59DA2900C30DD5 /* Release */ = {
			isa = XCBuildConfiguration;
			buildSettings = {
				ASSETCATALOG_COMPILER_APPICON_NAME = AppIcon;
				INFOPLIST_FILE = "Assembly Instructions/Info.plist";
				LD_RUNPATH_SEARCH_PATHS = "$(inherited) @executable_path/Frameworks";
				PRODUCT_BUNDLE_IDENTIFIER = "com.avikantz.Assembly-Instructions";
				PRODUCT_NAME = "$(TARGET_NAME)";
			};
			name = Release;
		};
/* End XCBuildConfiguration section */

/* Begin XCConfigurationList section */
		594FADBC1C59DA2900C30DD5 /* Build configuration list for PBXProject "Assembly Instructions" */ = {
			isa = XCConfigurationList;
			buildConfigurations = (
				594FADD91C59DA2900C30DD5 /* Debug */,
				594FADDA1C59DA2900C30DD5 /* Release */,
			);
			defaultConfigurationIsVisible = 0;
			defaultConfigurationName = Release;
		};
		594FADDB1C59DA2900C30DD5 /* Build configuration list for PBXNativeTarget "Assembly Instructions" */ = {
			isa = XCConfigurationList;
			buildConfigurations = (
				594FADDC1C59DA2900C30DD5 /* Debug */,
				594FADDD1C59DA2900C30DD5 /* Release */,
			);
			defaultConfigurationIsVisible = 0;
		};
/* End XCConfigurationList section */

/* Begin XCVersionGroup section */
		594FADD01C59DA2900C30DD5 /* Assembly_Instructions.xcdatamodeld */ = {
			isa = XCVersionGroup;
			children = (
				594FADD11C59DA2900C30DD5 /* Assembly_Instructions.xcdatamodel */,
			);
			currentVersion = 594FADD11C59DA2900C30DD5 /* Assembly_Instructions.xcdatamodel */;
			path = Assembly_Instructions.xcdatamodeld;
			sourceTree = "<group>";
			versionGroupType = wrapper.xcdatamodel;
		};
/* End XCVersionGroup section */
	};
	rootObject = 594FADB91C59DA2900C30DD5 /* Project object */;
}
